
Microsoft Visual Studio Solution File, Format Version 12.00
# Visual Studio 15
VisualStudioVersion = 15.0.26124.0
MinimumVisualStudioVersion = 15.0.26124.0
Project("{2150E333-8FDC-42A3-9474-1A3956D46DE8}") = "system", "system", "{35ABB04C-384F-42D0-A486-299E9A205D66}"
EndProject
Project("{2150E333-8FDC-42A3-9474-1A3956D46DE8}") = "structure", "structure", "{3FABE7F6-0F1D-49F0-9ABB-56616EDFC673}"
EndProject
Project("{2150E333-8FDC-42A3-9474-1A3956D46DE8}") = "src", "src", "{196D8B97-E4FC-4369-A8F9-E5BDC28D3677}"
EndProject
Project("{F2A71F9B-5D33-465A-A702-920D77279786}") = "ealib", "system\structure\src\ealib\ealib.fsproj", "{42E29D70-AD2A-4CC5-9489-68B43BC32039}"
EndProject
Project("{F2A71F9B-5D33-465A-A702-920D77279786}") = "eaTest", "system\structure\src\eaTest\eaTest.fsproj", "{8CA3941D-A2B0-43B4-898E-03089CE4F6FB}"
EndProject
Project("{F2A71F9B-5D33-465A-A702-920D77279786}") = "ea", "system\structure\src\ea\ea.fsproj", "{F37F420F-C66A-47B9-A26E-DA0C51AFE8E4}"
EndProject
Project("{F2A71F9B-5D33-465A-A702-920D77279786}") = "ear", "system\structure\src\ear\ear.fsproj", "{567BAD05-2A1B-400E-BA82-5DF5F90F31FA}"
EndProject
Project("{F2A71F9B-5D33-465A-A702-920D77279786}") = "earTest", "system\structure\src\earTest\earTest.fsproj", "{12F3EBC3-1750-4F56-9C2F-1FC95B9A1F2A}"
EndProject
Global
	GlobalSection(SolutionConfigurationPlatforms) = preSolution
		Debug|Any CPU = Debug|Any CPU
		Debug|x64 = Debug|x64
		Debug|x86 = Debug|x86
		Release|Any CPU = Release|Any CPU
		Release|x64 = Release|x64
		Release|x86 = Release|x86
	EndGlobalSection
	GlobalSection(SolutionProperties) = preSolution
		HideSolutionNode = FALSE
	EndGlobalSection
	GlobalSection(ProjectConfigurationPlatforms) = postSolution
		{8CA3941D-A2B0-43B4-898E-03089CE4F6FB}.Debug|Any CPU.ActiveCfg = Debug|Any CPU
		{8CA3941D-A2B0-43B4-898E-03089CE4F6FB}.Debug|Any CPU.Build.0 = Debug|Any CPU
		{8CA3941D-A2B0-43B4-898E-03089CE4F6FB}.Debug|x64.ActiveCfg = Debug|Any CPU
		{8CA3941D-A2B0-43B4-898E-03089CE4F6FB}.Debug|x64.Build.0 = Debug|Any CPU
		{8CA3941D-A2B0-43B4-898E-03089CE4F6FB}.Debug|x86.ActiveCfg = Debug|Any CPU
		{8CA3941D-A2B0-43B4-898E-03089CE4F6FB}.Debug|x86.Build.0 = Debug|Any CPU
		{8CA3941D-A2B0-43B4-898E-03089CE4F6FB}.Release|Any CPU.ActiveCfg = Release|Any CPU
		{8CA3941D-A2B0-43B4-898E-03089CE4F6FB}.Release|Any CPU.Build.0 = Release|Any CPU
		{8CA3941D-A2B0-43B4-898E-03089CE4F6FB}.Release|x64.ActiveCfg = Release|Any CPU
		{8CA3941D-A2B0-43B4-898E-03089CE4F6FB}.Release|x64.Build.0 = Release|Any CPU
		{8CA3941D-A2B0-43B4-898E-03089CE4F6FB}.Release|x86.ActiveCfg = Release|Any CPU
		{8CA3941D-A2B0-43B4-898E-03089CE4F6FB}.Release|x86.Build.0 = Release|Any CPU
		{F37F420F-C66A-47B9-A26E-DA0C51AFE8E4}.Debug|Any CPU.ActiveCfg = Debug|Any CPU
		{F37F420F-C66A-47B9-A26E-DA0C51AFE8E4}.Debug|Any CPU.Build.0 = Debug|Any CPU
		{F37F420F-C66A-47B9-A26E-DA0C51AFE8E4}.Debug|x64.ActiveCfg = Debug|Any CPU
		{F37F420F-C66A-47B9-A26E-DA0C51AFE8E4}.Debug|x64.Build.0 = Debug|Any CPU
		{F37F420F-C66A-47B9-A26E-DA0C51AFE8E4}.Debug|x86.ActiveCfg = Debug|Any CPU
		{F37F420F-C66A-47B9-A26E-DA0C51AFE8E4}.Debug|x86.Build.0 = Debug|Any CPU
		{F37F420F-C66A-47B9-A26E-DA0C51AFE8E4}.Release|Any CPU.ActiveCfg = Release|Any CPU
		{F37F420F-C66A-47B9-A26E-DA0C51AFE8E4}.Release|Any CPU.Build.0 = Release|Any CPU
		{F37F420F-C66A-47B9-A26E-DA0C51AFE8E4}.Release|x64.ActiveCfg = Release|Any CPU
		{F37F420F-C66A-47B9-A26E-DA0C51AFE8E4}.Release|x64.Build.0 = Release|Any CPU
		{F37F420F-C66A-47B9-A26E-DA0C51AFE8E4}.Release|x86.ActiveCfg = Release|Any CPU
		{F37F420F-C66A-47B9-A26E-DA0C51AFE8E4}.Release|x86.Build.0 = Release|Any CPU
		{42E29D70-AD2A-4CC5-9489-68B43BC32039}.Debug|Any CPU.ActiveCfg = Debug|Any CPU
		{42E29D70-AD2A-4CC5-9489-68B43BC32039}.Debug|Any CPU.Build.0 = Debug|Any CPU
		{42E29D70-AD2A-4CC5-9489-68B43BC32039}.Debug|x64.ActiveCfg = Debug|Any CPU
		{42E29D70-AD2A-4CC5-9489-68B43BC32039}.Debug|x64.Build.0 = Debug|Any CPU
		{42E29D70-AD2A-4CC5-9489-68B43BC32039}.Debug|x86.ActiveCfg = Debug|Any CPU
		{42E29D70-AD2A-4CC5-9489-68B43BC32039}.Debug|x86.Build.0 = Debug|Any CPU
		{42E29D70-AD2A-4CC5-9489-68B43BC32039}.Release|Any CPU.ActiveCfg = Release|Any CPU
		{42E29D70-AD2A-4CC5-9489-68B43BC32039}.Release|Any CPU.Build.0 = Release|Any CPU
		{42E29D70-AD2A-4CC5-9489-68B43BC32039}.Release|x64.ActiveCfg = Release|Any CPU
		{42E29D70-AD2A-4CC5-9489-68B43BC32039}.Release|x64.Build.0 = Release|Any CPU
		{42E29D70-AD2A-4CC5-9489-68B43BC32039}.Release|x86.ActiveCfg = Release|Any CPU
		{42E29D70-AD2A-4CC5-9489-68B43BC32039}.Release|x86.Build.0 = Release|Any CPU
		{567BAD05-2A1B-400E-BA82-5DF5F90F31FA}.Debug|Any CPU.ActiveCfg = Debug|Any CPU
		{567BAD05-2A1B-400E-BA82-5DF5F90F31FA}.Debug|Any CPU.Build.0 = Debug|Any CPU
		{567BAD05-2A1B-400E-BA82-5DF5F90F31FA}.Debug|x64.ActiveCfg = Debug|Any CPU
		{567BAD05-2A1B-400E-BA82-5DF5F90F31FA}.Debug|x64.Build.0 = Debug|Any CPU
		{567BAD05-2A1B-400E-BA82-5DF5F90F31FA}.Debug|x86.ActiveCfg = Debug|Any CPU
		{567BAD05-2A1B-400E-BA82-5DF5F90F31FA}.Debug|x86.Build.0 = Debug|Any CPU
		{567BAD05-2A1B-400E-BA82-5DF5F90F31FA}.Release|Any CPU.ActiveCfg = Release|Any CPU
		{567BAD05-2A1B-400E-BA82-5DF5F90F31FA}.Release|Any CPU.Build.0 = Release|Any CPU
		{567BAD05-2A1B-400E-BA82-5DF5F90F31FA}.Release|x64.ActiveCfg = Release|Any CPU
		{567BAD05-2A1B-400E-BA82-5DF5F90F31FA}.Release|x64.Build.0 = Release|Any CPU
		{567BAD05-2A1B-400E-BA82-5DF5F90F31FA}.Release|x86.ActiveCfg = Release|Any CPU
		{567BAD05-2A1B-400E-BA82-5DF5F90F31FA}.Release|x86.Build.0 = Release|Any CPU
		{12F3EBC3-1750-4F56-9C2F-1FC95B9A1F2A}.Debug|Any CPU.ActiveCfg = Debug|Any CPU
		{12F3EBC3-1750-4F56-9C2F-1FC95B9A1F2A}.Debug|Any CPU.Build.0 = Debug|Any CPU
		{12F3EBC3-1750-4F56-9C2F-1FC95B9A1F2A}.Debug|x64.ActiveCfg = Debug|Any CPU
		{12F3EBC3-1750-4F56-9C2F-1FC95B9A1F2A}.Debug|x64.Build.0 = Debug|Any CPU
		{12F3EBC3-1750-4F56-9C2F-1FC95B9A1F2A}.Debug|x86.ActiveCfg = Debug|Any CPU
		{12F3EBC3-1750-4F56-9C2F-1FC95B9A1F2A}.Debug|x86.Build.0 = Debug|Any CPU
		{12F3EBC3-1750-4F56-9C2F-1FC95B9A1F2A}.Release|Any CPU.ActiveCfg = Release|Any CPU
		{12F3EBC3-1750-4F56-9C2F-1FC95B9A1F2A}.Release|Any CPU.Build.0 = Release|Any CPU
		{12F3EBC3-1750-4F56-9C2F-1FC95B9A1F2A}.Release|x64.ActiveCfg = Release|Any CPU
		{12F3EBC3-1750-4F56-9C2F-1FC95B9A1F2A}.Release|x64.Build.0 = Release|Any CPU
		{12F3EBC3-1750-4F56-9C2F-1FC95B9A1F2A}.Release|x86.ActiveCfg = Release|Any CPU
		{12F3EBC3-1750-4F56-9C2F-1FC95B9A1F2A}.Release|x86.Build.0 = Release|Any CPU
	EndGlobalSection
	GlobalSection(NestedProjects) = preSolution
		{3FABE7F6-0F1D-49F0-9ABB-56616EDFC673} = {35ABB04C-384F-42D0-A486-299E9A205D66}
		{196D8B97-E4FC-4369-A8F9-E5BDC28D3677} = {3FABE7F6-0F1D-49F0-9ABB-56616EDFC673}
		{8CA3941D-A2B0-43B4-898E-03089CE4F6FB} = {196D8B97-E4FC-4369-A8F9-E5BDC28D3677}
		{F37F420F-C66A-47B9-A26E-DA0C51AFE8E4} = {196D8B97-E4FC-4369-A8F9-E5BDC28D3677}
		{42E29D70-AD2A-4CC5-9489-68B43BC32039} = {196D8B97-E4FC-4369-A8F9-E5BDC28D3677}
		{567BAD05-2A1B-400E-BA82-5DF5F90F31FA} = {196D8B97-E4FC-4369-A8F9-E5BDC28D3677}
		{12F3EBC3-1750-4F56-9C2F-1FC95B9A1F2A} = {196D8B97-E4FC-4369-A8F9-E5BDC28D3677}
	EndGlobalSection
EndGlobal
